PODS:
  - AFNetworking (4.0.1):
    - AFNetworking/NSURLSession (= 4.0.1)
    - AFNetworking/Reachability (= 4.0.1)
    - AFNetworking/Security (= 4.0.1)
    - AFNetworking/Serialization (= 4.0.1)
    - AFNetworking/UIKit (= 4.0.1)
  - AFNetworking/NSURLSession (4.0.1):
    - AFNetworking/Reachability
    - AFNetworking/Security
    - AFNetworking/Serialization
  - AFNetworking/Reachability (4.0.1)
  - AFNetworking/Security (4.0.1)
  - AFNetworking/Serialization (4.0.1)
  - AFNetworking/UIKit (4.0.1):
    - AFNetworking/NSURLSession
  - ANCore (0.4.1):
    - ANCore/Category (= 0.4.1)
    - ANCore/CrashGuard (= 0.4.1)
    - ANCore/Macros (= 0.4.1)
    - ANCore/Network (= 0.4.1)
    - ANCore/OpenShareManager (= 0.4.1)
    - ANCore/Router (= 0.4.1)
    - ANCore/UI (= 0.4.1)
    - ANCore/Utils (= 0.4.1)
  - ANCore/Category (0.4.1):
    - MJRefresh
  - ANCore/CrashGuard (0.4.1)
  - ANCore/Macros (0.4.1)
  - ANCore/Network (0.4.1):
    - AFNetworking
  - ANCore/OpenShareManager (0.4.1)
  - ANCore/Router (0.4.1)
  - ANCore/UI (0.4.1):
    - ANCore/Category
  - ANCore/Utils (0.4.1)
  - MJRefresh (3.5.0)

DEPENDENCIES:
  - ANCore (from `../`)

SPEC REPOS:
  trunk:
    - AFNetworking
    - MJRefresh

EXTERNAL SOURCES:
  ANCore:
    :path: "../"

SPEC CHECKSUMS:
  AFNetworking: 7864c38297c79aaca1500c33288e429c3451fdce
  ANCore: fb6fec575bfee9ea10077c28f9ab4f65ce4c9898
  MJRefresh: 6afc955813966afb08305477dd7a0d9ad5e79a16

PODFILE CHECKSUM: a2cf66617e1d96ffb415ae2e62a3d5b80b31adee

COCOAPODS: 1.10.1
