PODS:
  - AFNetworking (4.0.1):
    - AFNetworking/NSURLSession (= 4.0.1)
    - AFNetworking/Reachability (= 4.0.1)
    - AFNetworking/Security (= 4.0.1)
    - AFNetworking/Serialization (= 4.0.1)
    - AFNetworking/UIKit (= 4.0.1)
  - AFNetworking/NSURLSession (4.0.1):
    - AFNetworking/Reachability
    - AFNetworking/Security
    - AFNetworking/Serialization
  - AFNetworking/Reachability (4.0.1)
  - AFNetworking/Security (4.0.1)
  - AFNetworking/Serialization (4.0.1)
  - AFNetworking/UIKit (4.0.1):
    - AFNetworking/NSURLSession
  - ANCore (0.1.8):
    - ANCore/Category (= 0.1.8)
    - ANCore/CrashGuard (= 0.1.8)
    - ANCore/Network (= 0.1.8)
    - ANCore/Router (= 0.1.8)
    - ANCore/UI (= 0.1.8)
    - ANCore/Utils (= 0.1.8)
  - ANCore/Category (0.1.8)
  - ANCore/CrashGuard (0.1.8)
  - ANCore/Network (0.1.8):
    - AFNetworking
  - ANCore/Router (0.1.8)
  - ANCore/UI (0.1.8)
  - ANCore/Utils (0.1.8):
    - ANCore/Category

DEPENDENCIES:
  - ANCore (from `../`)

SPEC REPOS:
  trunk:
    - AFNetworking

EXTERNAL SOURCES:
  ANCore:
    :path: "../"

SPEC CHECKSUMS:
  AFNetworking: 7864c38297c79aaca1500c33288e429c3451fdce
  ANCore: bdc1958644fde8f9ce05874cf2a9edb5db9893c3

PODFILE CHECKSUM: a2cf66617e1d96ffb415ae2e62a3d5b80b31adee

COCOAPODS: 1.10.0
